
Microsoft Visual Studio Solution File, Format Version 12.00
# Visual Studio Version 17
VisualStudioVersion = 17.0.31903.59
MinimumVisualStudioVersion = 10.0.40219.1
Project("{FAE04EC0-301F-11D3-BF4B-00C04F79EFBC}") = "ProposalService.API", "ProposalService.API\ProposalService.API.csproj", "{5E8934FB-0309-46A8-9BEF-984F916864AD}"
EndProject
Project("{FAE04EC0-301F-11D3-BF4B-00C04F79EFBC}") = "ProposalService.Application", "ProposalService.Application\ProposalService.Application.csproj", "{39B4AB73-81C4-4EBD-B36C-85AC51F85F1A}"
EndProject
Project("{FAE04EC0-301F-11D3-BF4B-00C04F79EFBC}") = "ProposalService.Domain", "ProposalService.Domain\ProposalService.Domain.csproj", "{7EA3C23E-4431-4E3D-B163-52AA1E60ACF9}"
EndProject
Project("{FAE04EC0-301F-11D3-BF4B-00C04F79EFBC}") = "ProposalService.Infrastructure", "ProposalService.Infrastructure\ProposalService.Infrastructure.csproj", "{6D96DC00-45A4-4F8A-9F65-8BE27B82696F}"
EndProject
Project("{FAE04EC0-301F-11D3-BF4B-00C04F79EFBC}") = "ProposalService.Tests", "ProposalService.Tests\ProposalService.Tests.csproj", "{E72DF5BF-2F7C-4B24-9025-A13EF2CFEBA2}"
EndProject
Project("{2150E333-8FDC-42A3-9474-1A3956D46DE8}") = "Itens de Solução", "Itens de Solução", "{380A7511-A354-6D7A-0CC0-8FA1F1BA7B6C}"
EndProject
Global
	GlobalSection(SolutionConfigurationPlatforms) = preSolution
		Debug|Any CPU = Debug|Any CPU
		Debug|x64 = Debug|x64
		Debug|x86 = Debug|x86
		Release|Any CPU = Release|Any CPU
		Release|x64 = Release|x64
		Release|x86 = Release|x86
	EndGlobalSection
	GlobalSection(ProjectConfigurationPlatforms) = postSolution
		{5E8934FB-0309-46A8-9BEF-984F916864AD}.Debug|Any CPU.ActiveCfg = Debug|Any CPU
		{5E8934FB-0309-46A8-9BEF-984F916864AD}.Debug|Any CPU.Build.0 = Debug|Any CPU
		{5E8934FB-0309-46A8-9BEF-984F916864AD}.Debug|x64.ActiveCfg = Debug|Any CPU
		{5E8934FB-0309-46A8-9BEF-984F916864AD}.Debug|x64.Build.0 = Debug|Any CPU
		{5E8934FB-0309-46A8-9BEF-984F916864AD}.Debug|x86.ActiveCfg = Debug|Any CPU
		{5E8934FB-0309-46A8-9BEF-984F916864AD}.Debug|x86.Build.0 = Debug|Any CPU
		{5E8934FB-0309-46A8-9BEF-984F916864AD}.Release|Any CPU.ActiveCfg = Release|Any CPU
		{5E8934FB-0309-46A8-9BEF-984F916864AD}.Release|Any CPU.Build.0 = Release|Any CPU
		{5E8934FB-0309-46A8-9BEF-984F916864AD}.Release|x64.ActiveCfg = Release|Any CPU
		{5E8934FB-0309-46A8-9BEF-984F916864AD}.Release|x64.Build.0 = Release|Any CPU
		{5E8934FB-0309-46A8-9BEF-984F916864AD}.Release|x86.ActiveCfg = Release|Any CPU
		{5E8934FB-0309-46A8-9BEF-984F916864AD}.Release|x86.Build.0 = Release|Any CPU
		{39B4AB73-81C4-4EBD-B36C-85AC51F85F1A}.Debug|Any CPU.ActiveCfg = Debug|Any CPU
		{39B4AB73-81C4-4EBD-B36C-85AC51F85F1A}.Debug|Any CPU.Build.0 = Debug|Any CPU
		{39B4AB73-81C4-4EBD-B36C-85AC51F85F1A}.Debug|x64.ActiveCfg = Debug|Any CPU
		{39B4AB73-81C4-4EBD-B36C-85AC51F85F1A}.Debug|x64.Build.0 = Debug|Any CPU
		{39B4AB73-81C4-4EBD-B36C-85AC51F85F1A}.Debug|x86.ActiveCfg = Debug|Any CPU
		{39B4AB73-81C4-4EBD-B36C-85AC51F85F1A}.Debug|x86.Build.0 = Debug|Any CPU
		{39B4AB73-81C4-4EBD-B36C-85AC51F85F1A}.Release|Any CPU.ActiveCfg = Release|Any CPU
		{39B4AB73-81C4-4EBD-B36C-85AC51F85F1A}.Release|Any CPU.Build.0 = Release|Any CPU
		{39B4AB73-81C4-4EBD-B36C-85AC51F85F1A}.Release|x64.ActiveCfg = Release|Any CPU
		{39B4AB73-81C4-4EBD-B36C-85AC51F85F1A}.Release|x64.Build.0 = Release|Any CPU
		{39B4AB73-81C4-4EBD-B36C-85AC51F85F1A}.Release|x86.ActiveCfg = Release|Any CPU
		{39B4AB73-81C4-4EBD-B36C-85AC51F85F1A}.Release|x86.Build.0 = Release|Any CPU
		{7EA3C23E-4431-4E3D-B163-52AA1E60ACF9}.Debug|Any CPU.ActiveCfg = Debug|Any CPU
		{7EA3C23E-4431-4E3D-B163-52AA1E60ACF9}.Debug|Any CPU.Build.0 = Debug|Any CPU
		{7EA3C23E-4431-4E3D-B163-52AA1E60ACF9}.Debug|x64.ActiveCfg = Debug|Any CPU
		{7EA3C23E-4431-4E3D-B163-52AA1E60ACF9}.Debug|x64.Build.0 = Debug|Any CPU
		{7EA3C23E-4431-4E3D-B163-52AA1E60ACF9}.Debug|x86.ActiveCfg = Debug|Any CPU
		{7EA3C23E-4431-4E3D-B163-52AA1E60ACF9}.Debug|x86.Build.0 = Debug|Any CPU
		{7EA3C23E-4431-4E3D-B163-52AA1E60ACF9}.Release|Any CPU.ActiveCfg = Release|Any CPU
		{7EA3C23E-4431-4E3D-B163-52AA1E60ACF9}.Release|Any CPU.Build.0 = Release|Any CPU
		{7EA3C23E-4431-4E3D-B163-52AA1E60ACF9}.Release|x64.ActiveCfg = Release|Any CPU
		{7EA3C23E-4431-4E3D-B163-52AA1E60ACF9}.Release|x64.Build.0 = Release|Any CPU
		{7EA3C23E-4431-4E3D-B163-52AA1E60ACF9}.Release|x86.ActiveCfg = Release|Any CPU
		{7EA3C23E-4431-4E3D-B163-52AA1E60ACF9}.Release|x86.Build.0 = Release|Any CPU
		{6D96DC00-45A4-4F8A-9F65-8BE27B82696F}.Debug|Any CPU.ActiveCfg = Debug|Any CPU
		{6D96DC00-45A4-4F8A-9F65-8BE27B82696F}.Debug|Any CPU.Build.0 = Debug|Any CPU
		{6D96DC00-45A4-4F8A-9F65-8BE27B82696F}.Debug|x64.ActiveCfg = Debug|Any CPU
		{6D96DC00-45A4-4F8A-9F65-8BE27B82696F}.Debug|x64.Build.0 = Debug|Any CPU
		{6D96DC00-45A4-4F8A-9F65-8BE27B82696F}.Debug|x86.ActiveCfg = Debug|Any CPU
		{6D96DC00-45A4-4F8A-9F65-8BE27B82696F}.Debug|x86.Build.0 = Debug|Any CPU
		{6D96DC00-45A4-4F8A-9F65-8BE27B82696F}.Release|Any CPU.ActiveCfg = Release|Any CPU
		{6D96DC00-45A4-4F8A-9F65-8BE27B82696F}.Release|Any CPU.Build.0 = Release|Any CPU
		{6D96DC00-45A4-4F8A-9F65-8BE27B82696F}.Release|x64.ActiveCfg = Release|Any CPU
		{6D96DC00-45A4-4F8A-9F65-8BE27B82696F}.Release|x64.Build.0 = Release|Any CPU
		{6D96DC00-45A4-4F8A-9F65-8BE27B82696F}.Release|x86.ActiveCfg = Release|Any CPU
		{6D96DC00-45A4-4F8A-9F65-8BE27B82696F}.Release|x86.Build.0 = Release|Any CPU
		{E72DF5BF-2F7C-4B24-9025-A13EF2CFEBA2}.Debug|Any CPU.ActiveCfg = Debug|Any CPU
		{E72DF5BF-2F7C-4B24-9025-A13EF2CFEBA2}.Debug|Any CPU.Build.0 = Debug|Any CPU
		{E72DF5BF-2F7C-4B24-9025-A13EF2CFEBA2}.Debug|x64.ActiveCfg = Debug|Any CPU
		{E72DF5BF-2F7C-4B24-9025-A13EF2CFEBA2}.Debug|x64.Build.0 = Debug|Any CPU
		{E72DF5BF-2F7C-4B24-9025-A13EF2CFEBA2}.Debug|x86.ActiveCfg = Debug|Any CPU
		{E72DF5BF-2F7C-4B24-9025-A13EF2CFEBA2}.Debug|x86.Build.0 = Debug|Any CPU
		{E72DF5BF-2F7C-4B24-9025-A13EF2CFEBA2}.Release|Any CPU.ActiveCfg = Release|Any CPU
		{E72DF5BF-2F7C-4B24-9025-A13EF2CFEBA2}.Release|Any CPU.Build.0 = Release|Any CPU
		{E72DF5BF-2F7C-4B24-9025-A13EF2CFEBA2}.Release|x64.ActiveCfg = Release|Any CPU
		{E72DF5BF-2F7C-4B24-9025-A13EF2CFEBA2}.Release|x64.Build.0 = Release|Any CPU
		{E72DF5BF-2F7C-4B24-9025-A13EF2CFEBA2}.Release|x86.ActiveCfg = Release|Any CPU
		{E72DF5BF-2F7C-4B24-9025-A13EF2CFEBA2}.Release|x86.Build.0 = Release|Any CPU
	EndGlobalSection
	GlobalSection(SolutionProperties) = preSolution
		HideSolutionNode = FALSE
	EndGlobalSection
	GlobalSection(ExtensibilityGlobals) = postSolution
		SolutionGuid = {AE1A934C-67B7-47CB-9919-1F0DB557225F}
	EndGlobalSection
EndGlobal
